{
  "name": "tinybuildapp3887",
  "version": "0.0.0",
  "lockfileVersion": 3,
  "requires": true,
  "packages": {
    "": {
      "name": "tinybuildapp3887",
      "version": "0.0.0",
      "devDependencies": {
        "babylonjs": "~9.12.0"
      }
    },
    "../../../../AppData/Roaming/npm/node_modules/tinybuild": {
      "version": "1.0.6",
      "extraneous": true,
      "license": "LGPL-3.0-or-later",
      "dependencies": {
        "chokidar": "*",
        "esbuild": "*",
        "ws": "*"
      },
      "bin": {
        "tinybuild": "tinybuild/bin/global.js"
      },
      "peerDependencies": {
        "typescript": "*"
      }
    },
    "node_modules/babylonjs": {
      "version": "9.12.0",
      "resolved": "https://registry.npmjs.org/babylonjs/-/babylonjs-9.12.0.tgz",
      "integrity": "sha512-n43/qcE0bEbTmLjILARTmrstIxFjWW8WkL9kRL34osl0tWNN4ZsaYu+ovv+m8xN5yEJ2UXUikOf1AIBodv8bzg==",
      "dev": true,
      "hasInstallScript": true,
      "license": "Apache-2.0"
    }
  }
}
